
Microsoft Visual Studio Solution File, Format Version 12.00
# Visual Studio Version 16
VisualStudioVersion = 16.0.29609.76
MinimumVisualStudioVersion = 10.0.40219.1
Project("{FAE04EC0-301F-11D3-BF4B-00C04F79EFBC}") = "prjController", "prjController\prjController.csproj", "{AC45EA6C-A715-49D4-B591-4A51B87E2BF7}"
EndProject
Global
	GlobalSection(SolutionConfigurationPlatforms) = preSolution
		Debug|Any CPU = Debug|Any CPU
		Release|Any CPU = Release|Any CPU
	EndGlobalSection
	GlobalSection(ProjectConfigurationPlatforms) = postSolution
		{AC45EA6C-A715-49D4-B591-4A51B87E2BF7}.Debug|Any CPU.ActiveCfg = Debug|Any CPU
		{AC45EA6C-A715-49D4-B591-4A51B87E2BF7}.Debug|Any CPU.Build.0 = Debug|Any CPU
		{AC45EA6C-A715-49D4-B591-4A51B87E2BF7}.Release|Any CPU.ActiveCfg = Release|Any CPU
		{AC45EA6C-A715-49D4-B591-4A51B87E2BF7}.Release|Any CPU.Build.0 = Release|Any CPU
	EndGlobalSection
	GlobalSection(SolutionProperties) = preSolution
		HideSolutionNode = FALSE
	EndGlobalSection
	GlobalSection(ExtensibilityGlobals) = postSolution
		SolutionGuid = {A1820575-A377-4045-8A8D-43E3E1C6F701}
	EndGlobalSection
EndGlobal
